// !$*UTF8*$!
{
	archiveVersion = 1;
	classes = {
	};
	objectVersion = 50;
	objects = {

/* Begin PBXBuildFile section */
		C17119DA215E13E300DAC8CC /* AppDelegate.swift in Sources */ = {isa = PBXBuildFile; fileRef = C17119D9215E13E300DAC8CC /* AppDelegate.swift */; };
		C17119DC215E13E300DAC8CC /* ViewController.swift in Sources */ = {isa = PBXBuildFile; fileRef = C17119DB215E13E300DAC8CC /* ViewController.swift */; };
		C17119DF215E13E300DAC8CC /* Main.storyboard in Resources */ = {isa = PBXBuildFile; fileRef = C17119DD215E13E300DAC8CC /* Main.storyboard */; };
		C17119E1215E13E500DAC8CC /* Assets.xcassets in Resources */ = {isa = PBXBuildFile; fileRef = C17119E0215E13E500DAC8CC /* Assets.xcassets */; };
		C17119E4215E13E500DAC8CC /* LaunchScreen.storyboard in Resources */ = {isa = PBXBuildFile; fileRef = C17119E2215E13E500DAC8CC /* LaunchScreen.storyboard */; };
		C17119EF215E13E500DAC8CC /* calculatorTests.swift in Sources */ = {isa = PBXBuildFile; fileRef = C17119EE215E13E500DAC8CC /* calculatorTests.swift */; };
		C17119FA215E13E500DAC8CC /* calculatorUITests.swift in Sources */ = {isa = PBXBuildFile; fileRef = C17119F9215E13E500DAC8CC /* calculatorUITests.swift */; };
/* End PBXBuildFile section */

/* Begin PBXContainerItemProxy section */
		C17119EB215E13E500DAC8CC /* PBXContainerItemProxy */ = {
			isa = PBXContainerItemProxy;
			containerPortal = C17119CE215E13E300DAC8CC /* Project object */;
			proxyType = 1;
			remoteGlobalIDString = C17119D5215E13E300DAC8CC;
			remoteInfo = calculator;
		};
		C17119F6215E13E500DAC8CC /* PBXContainerItemProxy */ = {
			isa = PBXContainerItemProxy;
			containerPortal = C17119CE215E13E300DAC8CC /* Project object */;
			proxyType = 1;
			remoteGlobalIDString = C17119D5215E13E300DAC8CC;
			remoteInfo = calculator;
		};
/* End PBXContainerItemProxy section */

/* Begin PBXFileReference section */
		C17119D6215E13E300DAC8CC /* calculator.app */ = {isa = PBXFileReference; explicitFileType = wrapper.application; includeInIndex = 0; path = calculator.app; sourceTree = BUILT_PRODUCTS_DIR; };
		C17119D9215E13E300DAC8CC /* AppDelegate.swift */ = {isa = PBXFileReference; lastKnownFileType = sourcecode.swift; path = AppDelegate.swift; sourceTree = "<group>"; };
		C17119DB215E13E300DAC8CC /* ViewController.swift */ = {isa = PBXFileReference; lastKnownFileType = sourcecode.swift; path = ViewController.swift; sourceTree = "<group>"; };
		C17119DE215E13E300DAC8CC /* Base */ = {isa = PBXFileReference; lastKnownFileType = file.storyboard; name = Base; path = Base.lproj/Main.storyboard; sourceTree = "<group>"; };
		C17119E0215E13E500DAC8CC /* Assets.xcassets */ = {isa = PBXFileReference; lastKnownFileType = folder.assetcatalog; path = Assets.xcassets; sourceTree = "<group>"; };
		C17119E3215E13E500DAC8CC /* Base */ = {isa = PBXFileReference; lastKnownFileType = file.storyboard; name = Base; path = Base.lproj/LaunchScreen.storyboard; sourceTree = "<group>"; };
		C17119E5215E13E500DAC8CC /* Info.plist */ = {isa = PBXFileReference; lastKnownFileType = text.plist.xml; path = Info.plist; sourceTree = "<group>"; };
		C17119EA215E13E500DAC8CC /* calculatorTests.xctest */ = {isa = PBXFileReference; explicitFileType = wrapper.cfbundle; includeInIndex = 0; path = calculatorTests.xctest; sourceTree = BUILT_PRODUCTS_DIR; };
		C17119EE215E13E500DAC8CC /* calculatorTests.swift */ = {isa = PBXFileReference; lastKnownFileType = sourcecode.swift; path = calculatorTests.swift; sourceTree = "<group>"; };
		C17119F0215E13E500DAC8CC /* Info.plist */ = {isa = PBXFileReference; lastKnownFileType = text.plist.xml; path = Info.plist; sourceTree = "<group>"; };
		C17119F5215E13E500DAC8CC /* calculatorUITests.xctest */ = {isa = PBXFileReference; explicitFileType = wrapper.cfbundle; includeInIndex = 0; path = calculatorUITests.xctest; sourceTree = BUILT_PRODUCTS_DIR; };
		C17119F9215E13E500DAC8CC /* calculatorUITests.swift */ = {isa = PBXFileReference; lastKnownFileType = sourcecode.swift; path = calculatorUITests.swift; sourceTree = "<group>"; };
		C17119FB215E13E500DAC8CC /* Info.plist */ = {isa = PBXFileReference; lastKnownFileType = text.plist.xml; path = Info.plist; sourceTree = "<group>"; };
/* End PBXFileReference section */

/* Begin PBXFrameworksBuildPhase section */
		C17119D3215E13E300DAC8CC /* Frameworks */ = {
			isa = PBXFrameworksBuildPhase;
			buildActionMask = 2147483647;
			files = (
			);
			runOnlyForDeploymentPostprocessing = 0;
		};
		C17119E7215E13E500DAC8CC /* Frameworks */ = {
			isa = PBXFrameworksBuildPhase;
			buildActionMask = 2147483647;
			files = (
			);
			runOnlyForDeploymentPostprocessing = 0;
		};
		C17119F2215E13E500DAC8CC /* Frameworks */ = {
			isa = PBXFrameworksBuildPhase;
			buildActionMask = 2147483647;
			files = (
			);
			runOnlyForDeploymentPostprocessing = 0;
		};
/* End PBXFrameworksBuildPhase section */

/* Begin PBXGroup section */
		C17119CD215E13E300DAC8CC = {
			isa = PBXGroup;
			children = (
				C17119D8215E13E300DAC8CC /* calculator */,
				C17119ED215E13E500DAC8CC /* calculatorTests */,
				C17119F8215E13E500DAC8CC /* calculatorUITests */,
				C17119D7215E13E300DAC8CC /* Products */,
			);
			sourceTree = "<group>";
		};
		C17119D7215E13E300DAC8CC /* Products */ = {
			isa = PBXGroup;
			children = (
				C17119D6215E13E300DAC8CC /* calculator.app */,
				C17119EA215E13E500DAC8CC /* calculatorTests.xctest */,
				C17119F5215E13E500DAC8CC /* calculatorUITests.xctest */,
			);
			name = Products;
			sourceTree = "<group>";
		};
		C17119D8215E13E300DAC8CC /* calculator */ = {
			isa = PBXGroup;
			children = (
				C17119D9215E13E300DAC8CC /* AppDelegate.swift */,
				C17119DB215E13E300DAC8CC /* ViewController.swift */,
				C17119DD215E13E300DAC8CC /* Main.storyboard */,
				C17119E0215E13E500DAC8CC /* Assets.xcassets */,
				C17119E2215E13E500DAC8CC /* LaunchScreen.storyboard */,
				C17119E5215E13E500DAC8CC /* Info.plist */,
			);
			path = calculator;
			sourceTree = "<group>";
		};
		C17119ED215E13E500DAC8CC /* calculatorTests */ = {
			isa = PBXGroup;
			children = (
				C17119EE215E13E500DAC8CC /* calculatorTests.swift */,
				C17119F0215E13E500DAC8CC /* Info.plist */,
			);
			path = calculatorTests;
			sourceTree = "<group>";
		};
		C17119F8215E13E500DAC8CC /* calculatorUITests */ = {
			isa = PBXGroup;
			children = (
				C17119F9215E13E500DAC8CC /* calculatorUITests.swift */,
				C17119FB215E13E500DAC8CC /* Info.plist */,
			);
			path = calculatorUITests;
			sourceTree = "<group>";
		};
/* End PBXGroup section */

/* Begin PBXNativeTarget section */
		C17119D5215E13E300DAC8CC /* calculator */ = {
			isa = PBXNativeTarget;
			buildConfigurationList = C17119FE215E13E500DAC8CC /* Build configuration list for PBXNativeTarget "calculator" */;
			buildPhases = (
				C17119D2215E13E300DAC8CC /* Sources */,
				C17119D3215E13E300DAC8CC /* Frameworks */,
				C17119D4215E13E300DAC8CC /* Resources */,
			);
			buildRules = (
			);
			dependencies = (
			);
			name = calculator;
			productName = calculator;
			productReference = C17119D6215E13E300DAC8CC /* calculator.app */;
			productType = "com.apple.product-type.application";
		};
		C17119E9215E13E500DAC8CC /* calculatorTests */ = {
			isa = PBXNativeTarget;
			buildConfigurationList = C1711A01215E13E500DAC8CC /* Build configuration list for PBXNativeTarget "calculatorTests" */;
			buildPhases = (
				C17119E6215E13E500DAC8CC /* Sources */,
				C17119E7215E13E500DAC8CC /* Frameworks */,
				C17119E8215E13E500DAC8CC /* Resources */,
			);
			buildRules = (
			);
			dependencies = (
				C17119EC215E13E500DAC8CC /* PBXTargetDependency */,
			);
			name = calculatorTests;
			productName = calculatorTests;
			productReference = C17119EA215E13E500DAC8CC /* calculatorTests.xctest */;
			productType = "com.apple.product-type.bundle.unit-test";
		};
		C17119F4215E13E500DAC8CC /* calculatorUITests */ = {
			isa = PBXNativeTarget;
			buildConfigurationList = C1711A04215E13E500DAC8CC /* Build configuration list for PBXNativeTarget "calculatorUITests" */;
			buildPhases = (
				C17119F1215E13E500DAC8CC /* Sources */,
				C17119F2215E13E500DAC8CC /* Frameworks */,
				C17119F3215E13E500DAC8CC /* Resources */,
			);
			buildRules = (
			);
			dependencies = (
				C17119F7215E13E500DAC8CC /* PBXTargetDependency */,
			);
			name = calculatorUITests;
			productName = calculatorUITests;
			productReference = C17119F5215E13E500DAC8CC /* calculatorUITests.xctest */;
			productType = "com.apple.product-type.bundle.ui-testing";
		};
/* End PBXNativeTarget section */

/* Begin PBXProject section */
		C17119CE215E13E300DAC8CC /* Project object */ = {
			isa = PBXProject;
			attributes = {
				LastSwiftUpdateCheck = 1000;
				LastUpgradeCheck = 1000;
				ORGANIZATIONNAME = $tereophonic;
				TargetAttributes = {
					C17119D5215E13E300DAC8CC = {
						CreatedOnToolsVersion = 10.0;
					};
					C17119E9215E13E500DAC8CC = {
						CreatedOnToolsVersion = 10.0;
						TestTargetID = C17119D5215E13E300DAC8CC;
					};
					C17119F4215E13E500DAC8CC = {
						CreatedOnToolsVersion = 10.0;
						TestTargetID = C17119D5215E13E300DAC8CC;
					};
				};
			};
			buildConfigurationList = C17119D1215E13E300DAC8CC /* Build configuration list for PBXProject "calculator" */;
			compatibilityVersion = "Xcode 9.3";
			developmentRegion = en;
			hasScannedForEncodings = 0;
			knownRegions = (
				en,
				Base,
			);
			mainGroup = C17119CD215E13E300DAC8CC;
			productRefGroup = C17119D7215E13E300DAC8CC /* Products */;
			projectDirPath = "";
			projectRoot = "";
			targets = (
				C17119D5215E13E300DAC8CC /* calculator */,
				C17119E9215E13E500DAC8CC /* calculatorTests */,
				C17119F4215E13E500DAC8CC /* calculatorUITests */,
			);
		};
/* End PBXProject section */

/* Begin PBXResourcesBuildPhase section */
		C17119D4215E13E300DAC8CC /* Resources */ = {
			isa = PBXResourcesBuildPhase;
			buildActionMask = 2147483647;
			files = (
				C17119E4215E13E500DAC8CC /* LaunchScreen.storyboard in Resources */,
				C17119E1215E13E500DAC8CC /* Assets.xcassets in Resources */,
				C17119DF215E13E300DAC8CC /* Main.storyboard in Resources */,
			);
			runOnlyForDeploymentPostprocessing = 0;
		};
		C17119E8215E13E500DAC8CC /* Resources */ = {
			isa = PBXResourcesBuildPhase;
			buildActionMask = 2147483647;
			files = (
			);
			runOnlyForDeploymentPostprocessing = 0;
		};
		C17119F3215E13E500DAC8CC /* Resources */ = {
			isa = PBXResourcesBuildPhase;
			buildActionMask = 2147483647;
			files = (
			);
			runOnlyForDeploymentPostprocessing = 0;
		};
/* End PBXResourcesBuildPhase section */

/* Begin PBXSourcesBuildPhase section */
		C17119D2215E13E300DAC8CC /* Sources */ = {
			isa = PBXSourcesBuildPhase;
			buildActionMask = 2147483647;
			files = (
				C17119DC215E13E300DAC8CC /* ViewController.swift in Sources */,
				C17119DA215E13E300DAC8CC /* AppDelegate.swift in Sources */,
			);
			runOnlyForDeploymentPostprocessing = 0;
		};
		C17119E6215E13E500DAC8CC /* Sources */ = {
			isa = PBXSourcesBuildPhase;
			buildActionMask = 2147483647;
			files = (
				C17119EF215E13E500DAC8CC /* calculatorTests.swift in Sources */,
			);
			runOnlyForDeploymentPostprocessing = 0;
		};
		C17119F1215E13E500DAC8CC /* Sources */ = {
			isa = PBXSourcesBuildPhase;
			buildActionMask = 2147483647;
			files = (
				C17119FA215E13E500DAC8CC /* calculatorUITests.swift in Sources */,
			);
			runOnlyForDeploymentPostprocessing = 0;
		};
/* End PBXSourcesBuildPhase section */

/* Begin PBXTargetDependency section */
		C17119EC215E13E500DAC8CC /* PBXTargetDependency */ = {
			isa = PBXTargetDependency;
			target = C17119D5215E13E300DAC8CC /* calculator */;
			targetProxy = C17119EB215E13E500DAC8CC /* PBXContainerItemProxy */;
		};
		C17119F7215E13E500DAC8CC /* PBXTargetDependency */ = {
			isa = PBXTargetDependency;
			target = C17119D5215E13E300DAC8CC /* calculator */;
			targetProxy = C17119F6215E13E500DAC8CC /* PBXContainerItemProxy */;
		};
/* End PBXTargetDependency section */

/* Begin PBXVariantGroup section */
		C17119DD215E13E300DAC8CC /* Main.storyboard */ = {
			isa = PBXVariantGroup;
			children = (
				C17119DE215E13E300DAC8CC /* Base */,
			);
			name = Main.storyboard;
			sourceTree = "<group>";
		};
		C17119E2215E13E500DAC8CC /* LaunchScreen.storyboard */ = {
			isa = PBXVariantGroup;
			children = (
				C17119E3215E13E500DAC8CC /* Base */,
			);
			name = LaunchScreen.storyboard;
			sourceTree = "<group>";
		};
/* End PBXVariantGroup section */

/* Begin XCBuildConfiguration section */
		C17119FC215E13E500DAC8CC /* Debug */ = {
			isa = XCBuildConfiguration;
			buildSettings = {
				ALWAYS_SEARCH_USER_PATHS = NO;
				CLANG_ANALYZER_NONNULL = YES;
				CLANG_ANALYZER_NUMBER_OBJECT_CONVERSION = YES_AGGRESSIVE;
				CLANG_CXX_LANGUAGE_STANDARD = "gnu++14";
				CLANG_CXX_LIBRARY = "libc++";
				CLANG_ENABLE_MODULES = YES;
				CLANG_ENABLE_OBJC_ARC = YES;
				CLANG_ENABLE_OBJC_WEAK = YES;
				CLANG_WARN_BLOCK_CAPTURE_AUTORELEASING = YES;
				CLANG_WARN_BOOL_CONVERSION = YES;
				CLANG_WARN_COMMA = YES;
				CLANG_WARN_CONSTANT_CONVERSION = YES;
				CLANG_WARN_DEPRECATED_OBJC_IMPLEMENTATIONS = YES;
				CLANG_WARN_DIRECT_OBJC_ISA_USAGE = YES_ERROR;
				CLANG_WARN_DOCUMENTATION_COMMENTS = YES;
				CLANG_WARN_EMPTY_BODY = YES;
				CLANG_WARN_ENUM_CONVERSION = YES;
				CLANG_WARN_INFINITE_RECURSION = YES;
				CLANG_WARN_INT_CONVERSION = YES;
				CLANG_WARN_NON_LITERAL_NULL_CONVERSION = YES;
				CLANG_WARN_OBJC_IMPLICIT_RETAIN_SELF = YES;
				CLANG_WARN_OBJC_LITERAL_CONVERSION = YES;
				CLANG_WARN_OBJC_ROOT_CLASS = YES_ERROR;
				CLANG_WARN_RANGE_LOOP_ANALYSIS = YES;
				CLANG_WARN_STRICT_PROTOTYPES = YES;
				CLANG_WARN_SUSPICIOUS_MOVE = YES;
				CLANG_WARN_UNGUARDED_AVAILABILITY = YES_AGGRESSIVE;
				CLANG_WARN_UNREACHABLE_CODE = YES;
				CLANG_WARN__DUPLICATE_METHOD_MATCH = YES;
				CODE_SIGN_IDENTITY = "iPhone Developer";
				COPY_PHASE_STRIP = NO;
				DEBUG_INFORMATION_FORMAT = dwarf;
				ENABLE_STRICT_OBJC_MSGSEND = YES;
				ENABLE_TESTABILITY = YES;
				GCC_C_LANGUAGE_STANDARD = gnu11;
				GCC_DYNAMIC_NO_PIC = NO;
				GCC_NO_COMMON_BLOCKS = YES;
				GCC_OPTIMIZATION_LEVEL = 0;
				GCC_PREPROCESSOR_DEFINITIONS = (
					"DEBUG=1",
					"$(inherited)",
				);
				GCC_WARN_64_TO_32_BIT_CONVERSION = YES;
				GCC_WARN_ABOUT_RETURN_TYPE = YES_ERROR;
				GCC_WARN_UNDECLARED_SELECTOR = YES;
				GCC_WARN_UNINITIALIZED_AUTOS = YES_AGGRESSIVE;
				GCC_WARN_UNUSED_FUNCTION = YES;
				GCC_WARN_UNUSED_VARIABLE = YES;
				IPHONEOS_DEPLOYMENT_TARGET = 12.0;
				MTL_ENABLE_DEBUG_INFO = INCLUDE_SOURCE;
				MTL_FAST_MATH = YES;
				ONLY_ACTIVE_ARCH = YES;
				SDKROOT = iphoneos;
				SWIFT_ACTIVE_COMPILATION_CONDITIONS = DEBUG;
				SWIFT_OPTIMIZATION_LEVEL = "-Onone";
			};
			name = Debug;
		};
		C17119FD215E13E500DAC8CC /* Release */ = {
			isa = XCBuildConfiguration;
			buildSettings = {
				ALWAYS_SEARCH_USER_PATHS = NO;
				CLANG_ANALYZER_NONNULL = YES;
				CLANG_ANALYZER_NUMBER_OBJECT_CONVERSION = YES_AGGRESSIVE;
				CLANG_CXX_LANGUAGE_STANDARD = "gnu++14";
				CLANG_CXX_LIBRARY = "libc++";
				CLANG_ENABLE_MODULES = YES;
				CLANG_ENABLE_OBJC_ARC = YES;
				CLANG_ENABLE_OBJC_WEAK = YES;
				CLANG_WARN_BLOCK_CAPTURE_AUTORELEASING = YES;
				CLANG_WARN_BOOL_CONVERSION = YES;
				CLANG_WARN_COMMA = YES;
				CLANG_WARN_CONSTANT_CONVERSION = YES;
				CLANG_WARN_DEPRECATED_OBJC_IMPLEMENTATIONS = YES;
				CLANG_WARN_DIRECT_OBJC_ISA_USAGE = YES_ERROR;
				CLANG_WARN_DOCUMENTATION_COMMENTS = YES;
				CLANG_WARN_EMPTY_BODY = YES;
				CLANG_WARN_ENUM_CONVERSION = YES;
				CLANG_WARN_INFINITE_RECURSION = YES;
				CLANG_WARN_INT_CONVERSION = YES;
				CLANG_WARN_NON_LITERAL_NULL_CONVERSION = YES;
				CLANG_WARN_OBJC_IMPLICIT_RETAIN_SELF = YES;
				CLANG_WARN_OBJC_LITERAL_CONVERSION = YES;
				CLANG_WARN_OBJC_ROOT_CLASS = YES_ERROR;
				CLANG_WARN_RANGE_LOOP_ANALYSIS = YES;
				CLANG_WARN_STRICT_PROTOTYPES = YES;
				CLANG_WARN_SUSPICIOUS_MOVE = YES;
				CLANG_WARN_UNGUARDED_AVAILABILITY = YES_AGGRESSIVE;
				CLANG_WARN_UNREACHABLE_CODE = YES;
				CLANG_WARN__DUPLICATE_METHOD_MATCH = YES;
				CODE_SIGN_IDENTITY = "iPhone Developer";
				COPY_PHASE_STRIP = NO;
				DEBUG_INFORMATION_FORMAT = "dwarf-with-dsym";
				ENABLE_NS_ASSERTIONS = NO;
				ENABLE_STRICT_OBJC_MSGSEND = YES;
				GCC_C_LANGUAGE_STANDARD = gnu11;
				GCC_NO_COMMON_BLOCKS = YES;
				GCC_WARN_64_TO_32_BIT_CONVERSION = YES;
				GCC_WARN_ABOUT_RETURN_TYPE = YES_ERROR;
				GCC_WARN_UNDECLARED_SELECTOR = YES;
				GCC_WARN_UNINITIALIZED_AUTOS = YES_AGGRESSIVE;
				GCC_WARN_UNUSED_FUNCTION = YES;
				GCC_WARN_UNUSED_VARIABLE = YES;
				IPHONEOS_DEPLOYMENT_TARGET = 12.0;
				MTL_ENABLE_DEBUG_INFO = NO;
				MTL_FAST_MATH = YES;
				SDKROOT = iphoneos;
				SWIFT_COMPILATION_MODE = wholemodule;
				SWIFT_OPTIMIZATION_LEVEL = "-O";
				VALIDATE_PRODUCT = YES;
			};
			name = Release;
		};
		C17119FF215E13E500DAC8CC /* Debug */ = {
			isa = XCBuildConfiguration;
			buildSettings = {
				ASSETCATALOG_COMPILER_APPICON_NAME = AppIcon;
				CODE_SIGN_STYLE = Automatic;
				INFOPLIST_FILE = calculator/Info.plist;
				LD_RUNPATH_SEARCH_PATHS = (
					"$(inherited)",
					"@executable_path/Frameworks",
				);
				PRODUCT_BUNDLE_IDENTIFIER = "Program-Sort-1.calculator";
				PRODUCT_NAME = "$(TARGET_NAME)";
				SWIFT_VERSION = 4.2;
				TARGETED_DEVICE_FAMILY = "1,2";
			};
			name = Debug;
		};
		C1711A00215E13E500DAC8CC /* Release */ = {
			isa = XCBuildConfiguration;
			buildSettings = {
				ASSETCATALOG_COMPILER_APPICON_NAME = AppIcon;
				CODE_SIGN_STYLE = Automatic;
				INFOPLIST_FILE = calculator/Info.plist;
				LD_RUNPATH_SEARCH_PATHS = (
					"$(inherited)",
					"@executable_path/Frameworks",
				);
				PRODUCT_BUNDLE_IDENTIFIER = "Program-Sort-1.calculator";
				PRODUCT_NAME = "$(TARGET_NAME)";
				SWIFT_VERSION = 4.2;
				TARGETED_DEVICE_FAMILY = "1,2";
			};
			name = Release;
		};
		C1711A02215E13E500DAC8CC /* Debug */ = {
			isa = XCBuildConfiguration;
			buildSettings = {
				ALWAYS_EMBED_SWIFT_STANDARD_LIBRARIES = YES;
				BUNDLE_LOADER = "$(TEST_HOST)";
				CODE_SIGN_STYLE = Automatic;
				INFOPLIST_FILE = calculatorTests/Info.plist;
				LD_RUNPATH_SEARCH_PATHS = (
					"$(inherited)",
					"@executable_path/Frameworks",
					"@loader_path/Frameworks",
				);
				PRODUCT_BUNDLE_IDENTIFIER = "Program-Sort-1.calculatorTests";
				PRODUCT_NAME = "$(TARGET_NAME)";
				SWIFT_VERSION = 4.2;
				TARGETED_DEVICE_FAMILY = "1,2";
				TEST_HOST = "$(BUILT_PRODUCTS_DIR)/calculator.app/calculator";
			};
			name = Debug;
		};
		C1711A03215E13E500DAC8CC /* Release */ = {
			isa = XCBuildConfiguration;
			buildSettings = {
				ALWAYS_EMBED_SWIFT_STANDARD_LIBRARIES = YES;
				BUNDLE_LOADER = "$(TEST_HOST)";
				CODE_SIGN_STYLE = Automatic;
				INFOPLIST_FILE = calculatorTests/Info.plist;
				LD_RUNPATH_SEARCH_PATHS = (
					"$(inherited)",
					"@executable_path/Frameworks",
					"@loader_path/Frameworks",
				);
				PRODUCT_BUNDLE_IDENTIFIER = "Program-Sort-1.calculatorTests";
				PRODUCT_NAME = "$(TARGET_NAME)";
				SWIFT_VERSION = 4.2;
				TARGETED_DEVICE_FAMILY = "1,2";
				TEST_HOST = "$(BUILT_PRODUCTS_DIR)/calculator.app/calculator";
			};
			name = Release;
		};
		C1711A05215E13E500DAC8CC /* Debug */ = {
			isa = XCBuildConfiguration;
			buildSettings = {
				ALWAYS_EMBED_SWIFT_STANDARD_LIBRARIES = YES;
				CODE_SIGN_STYLE = Automatic;
				INFOPLIST_FILE = calculatorUITests/Info.plist;
				LD_RUNPATH_SEARCH_PATHS = (
					"$(inherited)",
					"@executable_path/Frameworks",
					"@loader_path/Frameworks",
				);
				PRODUCT_BUNDLE_IDENTIFIER = "Program-Sort-1.calculatorUITests";
				PRODUCT_NAME = "$(TARGET_NAME)";
				SWIFT_VERSION = 4.2;
				TARGETED_DEVICE_FAMILY = "1,2";
				TEST_TARGET_NAME = calculator;
			};
			name = Debug;
		};
		C1711A06215E13E500DAC8CC /* Release */ = {
			isa = XCBuildConfiguration;
			buildSettings = {
				ALWAYS_EMBED_SWIFT_STANDARD_LIBRARIES = YES;
				CODE_SIGN_STYLE = Automatic;
				INFOPLIST_FILE = calculatorUITests/Info.plist;
				LD_RUNPATH_SEARCH_PATHS = (
					"$(inherited)",
					"@executable_path/Frameworks",
					"@loader_path/Frameworks",
				);
				PRODUCT_BUNDLE_IDENTIFIER = "Program-Sort-1.calculatorUITests";
				PRODUCT_NAME = "$(TARGET_NAME)";
				SWIFT_VERSION = 4.2;
				TARGETED_DEVICE_FAMILY = "1,2";
				TEST_TARGET_NAME = calculator;
			};
			name = Release;
		};
/* End XCBuildConfiguration section */

/* Begin XCConfigurationList section */
		C17119D1215E13E300DAC8CC /* Build configuration list for PBXProject "calculator" */ = {
			isa = XCConfigurationList;
			buildConfigurations = (
				C17119FC215E13E500DAC8CC /* Debug */,
				C17119FD215E13E500DAC8CC /* Release */,
			);
			defaultConfigurationIsVisible = 0;
			defaultConfigurationName = Release;
		};
		C17119FE215E13E500DAC8CC /* Build configuration list for PBXNativeTarget "calculator" */ = {
			isa = XCConfigurationList;
			buildConfigurations = (
				C17119FF215E13E500DAC8CC /* Debug */,
				C1711A00215E13E500DAC8CC /* Release */,
			);
			defaultConfigurationIsVisible = 0;
			defaultConfigurationName = Release;
		};
		C1711A01215E13E500DAC8CC /* Build configuration list for PBXNativeTarget "calculatorTests" */ = {
			isa = XCConfigurationList;
			buildConfigurations = (
				C1711A02215E13E500DAC8CC /* Debug */,
				C1711A03215E13E500DAC8CC /* Release */,
			);
			defaultConfigurationIsVisible = 0;
			defaultConfigurationName = Release;
		};
		C1711A04215E13E500DAC8CC /* Build configuration list for PBXNativeTarget "calculatorUITests" */ = {
			isa = XCConfigurationList;
			buildConfigurations = (
				C1711A05215E13E500DAC8CC /* Debug */,
				C1711A06215E13E500DAC8CC /* Release */,
			);
			defaultConfigurationIsVisible = 0;
			defaultConfigurationName = Release;
		};
/* End XCConfigurationList section */
	};
	rootObject = C17119CE215E13E300DAC8CC /* Project object */;
}
